
Microsoft Visual Studio Solution File, Format Version 9.00
# Visual Studio 2005
Project("{8BC9CEB8-8B4A-11D0-8D11-00A0C91BC942}") = "HumanAnimator", "HumanAnimator\HumanAnimator.vcproj", "{773DC9FB-063F-4885-BC0C-F0803B16C44E}"
	ProjectSection(ProjectDependencies) = postProject
		{753FAF55-7420-4D69-86B8-27E7534AF474} = {753FAF55-7420-4D69-86B8-27E7534AF474}
	EndProjectSection
EndProject
Project("{8BC9CEB8-8B4A-11D0-8D11-00A0C91BC942}") = "HALib", "HALib\HALib.vcproj", "{753FAF55-7420-4D69-86B8-27E7534AF474}"
EndProject
Global
	GlobalSection(SolutionConfigurationPlatforms) = preSolution
		Debug|Win32 = Debug|Win32
		Release|Win32 = Release|Win32
	EndGlobalSection
	GlobalSection(ProjectConfigurationPlatforms) = postSolution
		{773DC9FB-063F-4885-BC0C-F0803B16C44E}.Debug|Win32.ActiveCfg = Debug|Win32
		{773DC9FB-063F-4885-BC0C-F0803B16C44E}.Debug|Win32.Build.0 = Debug|Win32
		{773DC9FB-063F-4885-BC0C-F0803B16C44E}.Release|Win32.ActiveCfg = Release|Win32
		{773DC9FB-063F-4885-BC0C-F0803B16C44E}.Release|Win32.Build.0 = Release|Win32
		{753FAF55-7420-4D69-86B8-27E7534AF474}.Debug|Win32.ActiveCfg = Debug|Win32
		{753FAF55-7420-4D69-86B8-27E7534AF474}.Debug|Win32.Build.0 = Debug|Win32
		{753FAF55-7420-4D69-86B8-27E7534AF474}.Release|Win32.ActiveCfg = Release|Win32
		{753FAF55-7420-4D69-86B8-27E7534AF474}.Release|Win32.Build.0 = Release|Win32
	EndGlobalSection
	GlobalSection(SolutionProperties) = preSolution
		HideSolutionNode = FALSE
	EndGlobalSection
EndGlobal
